
Microsoft Visual Studio Solution File, Format Version 12.00
# Visual Studio Version 17
VisualStudioVersion = 17.13.35931.197 d17.13
MinimumVisualStudioVersion = 10.0.40219.1
Project("{FAE04EC0-301F-11D3-BF4B-00C04F79EFBC}") = "Tool_DATA_PR", "Tool_DATA_PR\Tool_DATA_PR.csproj", "{46086814-1402-4C39-8BC9-BCAC03FAE6EC}"
EndProject
Global
	GlobalSection(SolutionConfigurationPlatforms) = preSolution
		Debug|Any CPU = Debug|Any CPU
		Release|Any CPU = Release|Any CPU
	EndGlobalSection
	GlobalSection(ProjectConfigurationPlatforms) = postSolution
		{46086814-1402-4C39-8BC9-BCAC03FAE6EC}.Debug|Any CPU.ActiveCfg = Debug|Any CPU
		{46086814-1402-4C39-8BC9-BCAC03FAE6EC}.Debug|Any CPU.Build.0 = Debug|Any CPU
		{46086814-1402-4C39-8BC9-BCAC03FAE6EC}.Release|Any CPU.ActiveCfg = Release|Any CPU
		{46086814-1402-4C39-8BC9-BCAC03FAE6EC}.Release|Any CPU.Build.0 = Release|Any CPU
	EndGlobalSection
	GlobalSection(SolutionProperties) = preSolution
		HideSolutionNode = FALSE
	EndGlobalSection
	GlobalSection(ExtensibilityGlobals) = postSolution
		SolutionGuid = {872B159F-6043-474B-ADF7-E5329320DC26}
	EndGlobalSection
EndGlobal
